// !$*UTF8*$!
{
	archiveVersion = 1;
	classes = {
	};
	objectVersion = 46;
	objects = {
/* Begin PBXBuildFile section */
		858B842D18CA22B800AB12DE /* InfoPlist.strings in Resources */ = {isa = PBXBuildFile; fileRef = 858B833A18CA111C00AB12DE /* InfoPlist.strings */; };
		CD45EE7C18DC2D5800FB50C0 /* app in Resources */ = {isa = PBXBuildFile; fileRef = CD45EE7A18DC2D5800FB50C0 /* app */; };
		CD62955D1BB2678900AE3A93 /* main.m in Sources */ = {isa = PBXBuildFile; fileRef = CD62955C1BB2678900AE3A93 /* main.m */; };
		BFE0B0AAA03449D4976DF1F5 /* Assets.xcassets in Resources */ = {isa = PBXBuildFile; fileRef = 8FB27EC5210D468C9BAA6CD3 /* Assets.xcassets */; };
		5C5421EC375B45158FC8E8FF /* LaunchScreen.storyboard in Resources */ = {isa = PBXBuildFile; fileRef = 0CE27B5DBC604847AB0319BD /* LaunchScreen.storyboard */; };
		5BFA7B77BFBC483C9F47E94F /* build.xcconfig in Resources */ = {isa = PBXBuildFile; fileRef = F6043AF603B447C4ABDEA009 /* build.xcconfig */; };
		F8C78384B2A140A6990482A0 /* circlearrow.png in Resources */ = {isa = PBXBuildFile; fileRef = C282BB2EA6FF4BCCAAAF8E77 /* circlearrow.png */; };
		552F36FD596240D883F3E8E9 /* circlearrow@2x.png in Resources */ = {isa = PBXBuildFile; fileRef = E01889635E704EFE94125A1D /* circlearrow@2x.png */; };
		A202F2A21EB34A31B4BC3BB1 /* circlearrow@3x.png in Resources */ = {isa = PBXBuildFile; fileRef = 0C0586D5E90C4E718590AEB3 /* circlearrow@3x.png */; };
		A91FBC3A6E684EA899A34BD6 /* circlearrowthin.png in Resources */ = {isa = PBXBuildFile; fileRef = A8E355A90E274CDD9F625E8E /* circlearrowthin.png */; };
		AAB2AF53B96548A8A7689543 /* circlearrowthin@2x.png in Resources */ = {isa = PBXBuildFile; fileRef = 39536FE7D4E44E5E837BFAD8 /* circlearrowthin@2x.png */; };
		45B86794E2BD47B19174F05C /* circlearrowthin@3x.png in Resources */ = {isa = PBXBuildFile; fileRef = 7AD8F2D399AE41D9A0356C6C /* circlearrowthin@3x.png */; };
		F85078612734495799085B19 /* doubleline.png in Resources */ = {isa = PBXBuildFile; fileRef = E03D0550454D4220BFAC4C0C /* doubleline.png */; };
		0C200A77AB6446538252DA41 /* doubleline@2x.png in Resources */ = {isa = PBXBuildFile; fileRef = 77E2229E48094D25BE40BACB /* doubleline@2x.png */; };
		A2EE5112DA1647BE9249F4F1 /* doubleline@3x.png in Resources */ = {isa = PBXBuildFile; fileRef = ABCC64CAAF384371AB76F220 /* doubleline@3x.png */; };
		3DC1A2556B8048C28C98DBED /* newcirclethin.png in Resources */ = {isa = PBXBuildFile; fileRef = 7F62A3D1719F49E5B3A63692 /* newcirclethin.png */; };
		E944FB87DB6D4ED3BF32940D /* newcirclethin@2x.png in Resources */ = {isa = PBXBuildFile; fileRef = 4F0C6792815F4E5297BAA572 /* newcirclethin@2x.png */; };
		6A49051E6FD94D329572894F /* newcirclethin@3x.png in Resources */ = {isa = PBXBuildFile; fileRef = 34CA66CEA7324EB682F1731E /* newcirclethin@3x.png */; };
		3E2C9E00889543C99F84902C /* newdoubleline.png in Resources */ = {isa = PBXBuildFile; fileRef = DFEBC25A907348B4994F787F /* newdoubleline.png */; };
		A423097768F5434F9F909D4E /* newdoubleline@2x.png in Resources */ = {isa = PBXBuildFile; fileRef = 5290B481131C415FB360C319 /* newdoubleline@2x.png */; };
		F4E1E74A7D164A26B4EACBE5 /* newdoubleline@3x.png in Resources */ = {isa = PBXBuildFile; fileRef = 3A1B57D2654C48219EC423CB /* newdoubleline@3x.png */; };
		E3E9D8229F684B998C5D23FD /* TNSWidgets.framework in Frameworks */ = {isa = PBXBuildFile; fileRef = FE458FD27B1547C8872D7F44 /* TNSWidgets.framework */; };
		829FEEE5FA544CB490E5A6B7 /* TNSWidgets.framework in Embed Frameworks */ = {isa = PBXBuildFile; fileRef = FE458FD27B1547C8872D7F44 /* TNSWidgets.framework */; settings = {ATTRIBUTES = (CodeSignOnCopy, RemoveHeadersOnCopy, ); }; };
/* End PBXBuildFile section */

/* Begin PBXCopyFilesBuildPhase section */
		85F5BDFC1A9363BE006B9701 /* Embed Frameworks */ = {
			isa = PBXCopyFilesBuildPhase;
			buildActionMask = 2147483647;
			dstPath = "";
			dstSubfolderSpec = 10;
			files = (
				829FEEE5FA544CB490E5A6B7 /* TNSWidgets.framework in Embed Frameworks */,
			);
			name = "Embed Frameworks";
			runOnlyForDeploymentPostprocessing = 0;
		};
/* End PBXCopyFilesBuildPhase section */

/* Begin PBXFileReference section */
		858B832E18CA111C00AB12DE /* v2SurveyorNS.app */ = {isa = PBXFileReference; explicitFileType = wrapper.application; includeInIndex = 0; path = v2SurveyorNS.app; sourceTree = BUILT_PRODUCTS_DIR; };
		858B833918CA111C00AB12DE /* v2SurveyorNS-Info.plist */ = {isa = PBXFileReference; lastKnownFileType = text.plist.xml; path = "v2SurveyorNS-Info.plist"; sourceTree = "<group>"; };
		858B833B18CA111C00AB12DE /* en */ = {isa = PBXFileReference; lastKnownFileType = text.plist.strings; name = en; path = en.lproj/InfoPlist.strings; sourceTree = "<group>"; };
		858B833F18CA111C00AB12DE /* v2SurveyorNS-Prefix.pch */ = {isa = PBXFileReference; lastKnownFileType = sourcecode.c.h; path = "v2SurveyorNS-Prefix.pch"; sourceTree = "<group>"; };
		858B843318CA22B800AB12DE /* v2SurveyorNS.app */ = {isa = PBXFileReference; explicitFileType = wrapper.application; includeInIndex = 0; path = v2SurveyorNS.app; sourceTree = BUILT_PRODUCTS_DIR; };
		CD45EE7A18DC2D5800FB50C0 /* app */ = {isa = PBXFileReference; lastKnownFileType = folder; path = app; sourceTree = "<group>"; };
		CD62955C1BB2678900AE3A93 /* main.m */ = {isa = PBXFileReference; fileEncoding = 4; lastKnownFileType = sourcecode.c.objc; name = main.m; path = internal/main.m; sourceTree = SOURCE_ROOT; };
		CDD59A261BB43B5D00EC2671 /* build-debug.xcconfig */ = {isa = PBXFileReference; fileEncoding = 4; lastKnownFileType = text.xcconfig; path = "build-debug.xcconfig"; sourceTree = "<group>"; };
		CDD59A271BB43B5D00EC2671 /* build-release.xcconfig */ = {isa = PBXFileReference; fileEncoding = 4; lastKnownFileType = text.xcconfig; path = "build-release.xcconfig"; sourceTree = "<group>"; };
		CDF4743E1BA4855C0087EA85 /* build.xcconfig */ = {isa = PBXFileReference; fileEncoding = 4; lastKnownFileType = text.xcconfig; path = build.xcconfig; sourceTree = "<group>"; };
		8FB27EC5210D468C9BAA6CD3 /* Assets.xcassets */ = {isa = PBXFileReference; lastKnownFileType = unknown; name = Assets.xcassets; path = "v2SurveyorNS/Resources/Assets.xcassets"; sourceTree = "<group>"; fileEncoding = 4; };
		0CE27B5DBC604847AB0319BD /* LaunchScreen.storyboard */ = {isa = PBXFileReference; lastKnownFileType = unknown; name = LaunchScreen.storyboard; path = "v2SurveyorNS/Resources/LaunchScreen.storyboard"; sourceTree = "<group>"; fileEncoding = 4; };
		F6043AF603B447C4ABDEA009 /* build.xcconfig */ = {isa = PBXFileReference; lastKnownFileType = unknown; name = build.xcconfig; path = "v2SurveyorNS/Resources/build.xcconfig"; sourceTree = "<group>"; fileEncoding = 4; };
		C282BB2EA6FF4BCCAAAF8E77 /* circlearrow.png */ = {isa = PBXFileReference; lastKnownFileType = image.png; name = circlearrow.png; path = "v2SurveyorNS/Resources/circlearrow.png"; sourceTree = "<group>"; };
		E01889635E704EFE94125A1D /* circlearrow@2x.png */ = {isa = PBXFileReference; lastKnownFileType = image.png; name = "circlearrow@2x.png"; path = "v2SurveyorNS/Resources/circlearrow@2x.png"; sourceTree = "<group>"; };
		0C0586D5E90C4E718590AEB3 /* circlearrow@3x.png */ = {isa = PBXFileReference; lastKnownFileType = image.png; name = "circlearrow@3x.png"; path = "v2SurveyorNS/Resources/circlearrow@3x.png"; sourceTree = "<group>"; };
		A8E355A90E274CDD9F625E8E /* circlearrowthin.png */ = {isa = PBXFileReference; lastKnownFileType = image.png; name = circlearrowthin.png; path = "v2SurveyorNS/Resources/circlearrowthin.png"; sourceTree = "<group>"; };
		39536FE7D4E44E5E837BFAD8 /* circlearrowthin@2x.png */ = {isa = PBXFileReference; lastKnownFileType = image.png; name = "circlearrowthin@2x.png"; path = "v2SurveyorNS/Resources/circlearrowthin@2x.png"; sourceTree = "<group>"; };
		7AD8F2D399AE41D9A0356C6C /* circlearrowthin@3x.png */ = {isa = PBXFileReference; lastKnownFileType = image.png; name = "circlearrowthin@3x.png"; path = "v2SurveyorNS/Resources/circlearrowthin@3x.png"; sourceTree = "<group>"; };
		E03D0550454D4220BFAC4C0C /* doubleline.png */ = {isa = PBXFileReference; lastKnownFileType = image.png; name = doubleline.png; path = "v2SurveyorNS/Resources/doubleline.png"; sourceTree = "<group>"; };
		77E2229E48094D25BE40BACB /* doubleline@2x.png */ = {isa = PBXFileReference; lastKnownFileType = image.png; name = "doubleline@2x.png"; path = "v2SurveyorNS/Resources/doubleline@2x.png"; sourceTree = "<group>"; };
		ABCC64CAAF384371AB76F220 /* doubleline@3x.png */ = {isa = PBXFileReference; lastKnownFileType = image.png; name = "doubleline@3x.png"; path = "v2SurveyorNS/Resources/doubleline@3x.png"; sourceTree = "<group>"; };
		7F62A3D1719F49E5B3A63692 /* newcirclethin.png */ = {isa = PBXFileReference; lastKnownFileType = image.png; name = newcirclethin.png; path = "v2SurveyorNS/Resources/newcirclethin.png"; sourceTree = "<group>"; };
		4F0C6792815F4E5297BAA572 /* newcirclethin@2x.png */ = {isa = PBXFileReference; lastKnownFileType = image.png; name = "newcirclethin@2x.png"; path = "v2SurveyorNS/Resources/newcirclethin@2x.png"; sourceTree = "<group>"; };
		34CA66CEA7324EB682F1731E /* newcirclethin@3x.png */ = {isa = PBXFileReference; lastKnownFileType = image.png; name = "newcirclethin@3x.png"; path = "v2SurveyorNS/Resources/newcirclethin@3x.png"; sourceTree = "<group>"; };
		DFEBC25A907348B4994F787F /* newdoubleline.png */ = {isa = PBXFileReference; lastKnownFileType = image.png; name = newdoubleline.png; path = "v2SurveyorNS/Resources/newdoubleline.png"; sourceTree = "<group>"; };
		5290B481131C415FB360C319 /* newdoubleline@2x.png */ = {isa = PBXFileReference; lastKnownFileType = image.png; name = "newdoubleline@2x.png"; path = "v2SurveyorNS/Resources/newdoubleline@2x.png"; sourceTree = "<group>"; };
		3A1B57D2654C48219EC423CB /* newdoubleline@3x.png */ = {isa = PBXFileReference; lastKnownFileType = image.png; name = "newdoubleline@3x.png"; path = "v2SurveyorNS/Resources/newdoubleline@3x.png"; sourceTree = "<group>"; };
		FE458FD27B1547C8872D7F44 /* TNSWidgets.framework */ = {isa = PBXFileReference; lastKnownFileType = wrapper.framework; name = TNSWidgets.framework; path = "$(SRCROOT)/../../node_modules/tns-core-modules-widgets/platforms/ios/TNSWidgets.framework"; sourceTree = "<group>"; };
/* End PBXFileReference section */

/* Begin PBXFrameworksBuildPhase section */
		858B83F418CA22B800AB12DE /* Frameworks */ = {
			isa = PBXFrameworksBuildPhase;
			buildActionMask = 2147483647;
			files = (
				E3E9D8229F684B998C5D23FD /* TNSWidgets.framework in Frameworks */,
			);
			runOnlyForDeploymentPostprocessing = 0;
		};
/* End PBXFrameworksBuildPhase section */

/* Begin PBXGroup section */
		858B832518CA111C00AB12DE = {
			isa = PBXGroup;
			children = (
				E070579D1B39A9D000214BF1 /* Resources */,
				858B833718CA111C00AB12DE /* v2SurveyorNS */,
				858B833018CA111C00AB12DE /* Frameworks */,
				858B832F18CA111C00AB12DE /* Products */,
			);
			sourceTree = "<group>";
		};
		858B832F18CA111C00AB12DE /* Products */ = {
			isa = PBXGroup;
			children = (
				858B832E18CA111C00AB12DE /* v2SurveyorNS.app */,
				858B843318CA22B800AB12DE /* v2SurveyorNS.app */,
			);
			name = Products;
			sourceTree = "<group>";
		};
		858B833018CA111C00AB12DE /* Frameworks */ = {
			isa = PBXGroup;
			children = (
				FE458FD27B1547C8872D7F44 /* TNSWidgets.framework */,
			);
			name = Frameworks;
			sourceTree = "<group>";
		};
		858B833718CA111C00AB12DE /* v2SurveyorNS */ = {
			isa = PBXGroup;
			children = (
				CD45EE7A18DC2D5800FB50C0 /* app */,
				858B833818CA111C00AB12DE /* Supporting Files */,
			);
			path = v2SurveyorNS;
			sourceTree = "<group>";
		};
		858B833818CA111C00AB12DE /* Supporting Files */ = {
			isa = PBXGroup;
			children = (
				CDF4743E1BA4855C0087EA85 /* build.xcconfig */,
				CDD59A261BB43B5D00EC2671 /* build-debug.xcconfig */,
				CDD59A271BB43B5D00EC2671 /* build-release.xcconfig */,
				858B833918CA111C00AB12DE /* v2SurveyorNS-Info.plist */,
				858B833A18CA111C00AB12DE /* InfoPlist.strings */,
				CD62955C1BB2678900AE3A93 /* main.m */,
				858B833F18CA111C00AB12DE /* v2SurveyorNS-Prefix.pch */,
			);
			name = "Supporting Files";
			sourceTree = "<group>";
		};
		E070579D1B39A9D000214BF1 /* Resources */ = {
			isa = PBXGroup;
			children = (
				8FB27EC5210D468C9BAA6CD3 /* Assets.xcassets */,
				0CE27B5DBC604847AB0319BD /* LaunchScreen.storyboard */,
				F6043AF603B447C4ABDEA009 /* build.xcconfig */,
				C282BB2EA6FF4BCCAAAF8E77 /* circlearrow.png */,
				E01889635E704EFE94125A1D /* circlearrow@2x.png */,
				0C0586D5E90C4E718590AEB3 /* circlearrow@3x.png */,
				A8E355A90E274CDD9F625E8E /* circlearrowthin.png */,
				39536FE7D4E44E5E837BFAD8 /* circlearrowthin@2x.png */,
				7AD8F2D399AE41D9A0356C6C /* circlearrowthin@3x.png */,
				E03D0550454D4220BFAC4C0C /* doubleline.png */,
				77E2229E48094D25BE40BACB /* doubleline@2x.png */,
				ABCC64CAAF384371AB76F220 /* doubleline@3x.png */,
				7F62A3D1719F49E5B3A63692 /* newcirclethin.png */,
				4F0C6792815F4E5297BAA572 /* newcirclethin@2x.png */,
				34CA66CEA7324EB682F1731E /* newcirclethin@3x.png */,
				DFEBC25A907348B4994F787F /* newdoubleline.png */,
				5290B481131C415FB360C319 /* newdoubleline@2x.png */,
				3A1B57D2654C48219EC423CB /* newdoubleline@3x.png */,
			);
			name = Resources;
			sourceTree = "<group>";
		};
/* End PBXGroup section */

/* Begin PBXNativeTarget section */
		858B83EF18CA22B800AB12DE /* v2SurveyorNS */ = {
			isa = PBXNativeTarget;
			buildConfigurationList = 858B843018CA22B800AB12DE /* Build configuration list for PBXNativeTarget "v2SurveyorNS" */;
			buildPhases = (
				C97FD7AC1ADE5369004DB2A4 /* NativeScript PreBuild */,
				858B83F218CA22B800AB12DE /* Sources */,
				CD62955B1BB2651D00AE3A93 /* NativeScript PreLink */,
				858B83F418CA22B800AB12DE /* Frameworks */,
				858B842C18CA22B800AB12DE /* Resources */,
				85F5BDFC1A9363BE006B9701 /* Embed Frameworks */,
				CD3EAD351B05FF060042DBFC /* NativeScript PostBuild */,
			);
			buildRules = (
			);
			dependencies = (
			);
			name = v2SurveyorNS;
			productName = JDBridgeApp;
			productReference = 858B843318CA22B800AB12DE /* v2SurveyorNS.app */;
			productType = "com.apple.product-type.application";
		};
/* End PBXNativeTarget section */

/* Begin PBXProject section */
		858B832618CA111C00AB12DE /* Project object */ = {
			isa = PBXProject;
			attributes = {
				CLASSPREFIX = TNS;
				LastUpgradeCheck = 500;
				ORGANIZATIONNAME = Telerik;
				TargetAttributes = {
					858B83EF18CA22B800AB12DE = {
						DevelopmentTeam = QLUG646V84;
						ProvisioningStyle = Automatic;
					};
				};
			};
			buildConfigurationList = 858B832918CA111C00AB12DE /* Build configuration list for PBXProject "v2SurveyorNS" */;
			compatibilityVersion = "Xcode 3.2";
			developmentRegion = English;
			hasScannedForEncodings = 0;
			knownRegions = (
				en,
			);
			mainGroup = 858B832518CA111C00AB12DE;
			productRefGroup = 858B832F18CA111C00AB12DE /* Products */;
			projectDirPath = "";
			projectRoot = "";
			targets = (
				858B83EF18CA22B800AB12DE /* v2SurveyorNS */,
			);
		};
/* End PBXProject section */

/* Begin PBXResourcesBuildPhase section */
		858B842C18CA22B800AB12DE /* Resources */ = {
			isa = PBXResourcesBuildPhase;
			buildActionMask = 2147483647;
			files = (
				CD45EE7C18DC2D5800FB50C0 /* app in Resources */,
				858B842D18CA22B800AB12DE /* InfoPlist.strings in Resources */,
				BFE0B0AAA03449D4976DF1F5 /* Assets.xcassets in Resources */,
				5C5421EC375B45158FC8E8FF /* LaunchScreen.storyboard in Resources */,
				5BFA7B77BFBC483C9F47E94F /* build.xcconfig in Resources */,
				F8C78384B2A140A6990482A0 /* circlearrow.png in Resources */,
				552F36FD596240D883F3E8E9 /* circlearrow@2x.png in Resources */,
				A202F2A21EB34A31B4BC3BB1 /* circlearrow@3x.png in Resources */,
				A91FBC3A6E684EA899A34BD6 /* circlearrowthin.png in Resources */,
				AAB2AF53B96548A8A7689543 /* circlearrowthin@2x.png in Resources */,
				45B86794E2BD47B19174F05C /* circlearrowthin@3x.png in Resources */,
				F85078612734495799085B19 /* doubleline.png in Resources */,
				0C200A77AB6446538252DA41 /* doubleline@2x.png in Resources */,
				A2EE5112DA1647BE9249F4F1 /* doubleline@3x.png in Resources */,
				3DC1A2556B8048C28C98DBED /* newcirclethin.png in Resources */,
				E944FB87DB6D4ED3BF32940D /* newcirclethin@2x.png in Resources */,
				6A49051E6FD94D329572894F /* newcirclethin@3x.png in Resources */,
				3E2C9E00889543C99F84902C /* newdoubleline.png in Resources */,
				A423097768F5434F9F909D4E /* newdoubleline@2x.png in Resources */,
				F4E1E74A7D164A26B4EACBE5 /* newdoubleline@3x.png in Resources */,
			);
			runOnlyForDeploymentPostprocessing = 0;
		};
/* End PBXResourcesBuildPhase section */

/* Begin PBXShellScriptBuildPhase section */
		C97FD7AC1ADE5369004DB2A4 /* NativeScript PreBuild */ = {
			isa = PBXShellScriptBuildPhase;
			buildActionMask = 2147483647;
			files = (
			);
			inputPaths = (
			);
			name = "NativeScript PreBuild";
			outputPaths = (
			);
			runOnlyForDeploymentPostprocessing = 0;
			shellPath = /bin/sh;
			shellScript = "\"$SRCROOT/internal/nativescript-pre-build\"";
			showEnvVarsInLog = 0;
		};
		CD3EAD351B05FF060042DBFC /* NativeScript PostBuild */ = {
			isa = PBXShellScriptBuildPhase;
			buildActionMask = 2147483647;
			files = (
			);
			inputPaths = (
			);
			name = "NativeScript PostBuild";
			outputPaths = (
			);
			runOnlyForDeploymentPostprocessing = 0;
			shellPath = /bin/sh;
			shellScript = "\"$SRCROOT/internal/nativescript-post-build\"";
			showEnvVarsInLog = 0;
		};
		CD62955B1BB2651D00AE3A93 /* NativeScript PreLink */ = {
			isa = PBXShellScriptBuildPhase;
			buildActionMask = 2147483647;
			files = (
			);
			inputPaths = (
			);
			name = "NativeScript PreLink";
			outputPaths = (
			);
			runOnlyForDeploymentPostprocessing = 0;
			shellPath = /bin/sh;
			shellScript = "\"$SRCROOT/internal/nativescript-pre-link\"";
			showEnvVarsInLog = 0;
		};
/* End PBXShellScriptBuildPhase section */

/* Begin PBXSourcesBuildPhase section */
		858B83F218CA22B800AB12DE /* Sources */ = {
			isa = PBXSourcesBuildPhase;
			buildActionMask = 2147483647;
			files = (
				CD62955D1BB2678900AE3A93 /* main.m in Sources */,
			);
			runOnlyForDeploymentPostprocessing = 0;
		};
/* End PBXSourcesBuildPhase section */

/* Begin PBXVariantGroup section */
		858B833A18CA111C00AB12DE /* InfoPlist.strings */ = {
			isa = PBXVariantGroup;
			children = (
				858B833B18CA111C00AB12DE /* en */,
			);
			name = InfoPlist.strings;
			sourceTree = "<group>";
		};
/* End PBXVariantGroup section */

/* Begin XCBuildConfiguration section */
		858B835818CA111C00AB12DE /* Debug */ = {
			isa = XCBuildConfiguration;
			buildSettings = {
				ALWAYS_SEARCH_USER_PATHS = NO;
				ARCHS = "$(ARCHS_STANDARD)";
				CLANG_CXX_LANGUAGE_STANDARD = "gnu++0x";
				CLANG_CXX_LIBRARY = "libc++";
				CLANG_ENABLE_MODULES = YES;
				CLANG_ENABLE_OBJC_ARC = YES;
				CLANG_WARN_BOOL_CONVERSION = YES;
				CLANG_WARN_CONSTANT_CONVERSION = YES;
				CLANG_WARN_DIRECT_OBJC_ISA_USAGE = YES_ERROR;
				CLANG_WARN_EMPTY_BODY = YES;
				CLANG_WARN_ENUM_CONVERSION = YES;
				CLANG_WARN_INT_CONVERSION = YES;
				CLANG_WARN_OBJC_ROOT_CLASS = YES_ERROR;
				CLANG_WARN__DUPLICATE_METHOD_MATCH = YES;
				"CODE_SIGN_IDENTITY[sdk=iphoneos*]" = "iPhone Developer";
				COPY_PHASE_STRIP = NO;
				GCC_C_LANGUAGE_STANDARD = gnu99;
				GCC_DYNAMIC_NO_PIC = NO;
				GCC_OPTIMIZATION_LEVEL = 0;
				GCC_SYMBOLS_PRIVATE_EXTERN = NO;
				GCC_WARN_64_TO_32_BIT_CONVERSION = YES;
				GCC_WARN_ABOUT_RETURN_TYPE = YES_ERROR;
				GCC_WARN_UNDECLARED_SELECTOR = YES;
				GCC_WARN_UNINITIALIZED_AUTOS = YES;
				GCC_WARN_UNUSED_FUNCTION = YES;
				GCC_WARN_UNUSED_VARIABLE = YES;
				IPHONEOS_DEPLOYMENT_TARGET = 8.0;
				ONLY_ACTIVE_ARCH = YES;
				SDKROOT = iphoneos;
				TARGETED_DEVICE_FAMILY = "1,2";
				VALID_ARCHS = "armv7 arm64";
			};
			name = Debug;
		};
		858B835918CA111C00AB12DE /* Release */ = {
			isa = XCBuildConfiguration;
			buildSettings = {
				ALWAYS_SEARCH_USER_PATHS = NO;
				ARCHS = "$(ARCHS_STANDARD)";
				CLANG_CXX_LANGUAGE_STANDARD = "gnu++0x";
				CLANG_CXX_LIBRARY = "libc++";
				CLANG_ENABLE_MODULES = YES;
				CLANG_ENABLE_OBJC_ARC = YES;
				CLANG_WARN_BOOL_CONVERSION = YES;
				CLANG_WARN_CONSTANT_CONVERSION = YES;
				CLANG_WARN_DIRECT_OBJC_ISA_USAGE = YES_ERROR;
				CLANG_WARN_EMPTY_BODY = YES;
				CLANG_WARN_ENUM_CONVERSION = YES;
				CLANG_WARN_INT_CONVERSION = YES;
				CLANG_WARN_OBJC_ROOT_CLASS = YES_ERROR;
				CLANG_WARN__DUPLICATE_METHOD_MATCH = YES;
				"CODE_SIGN_IDENTITY[sdk=iphoneos*]" = "iPhone Developer";
				COPY_PHASE_STRIP = YES;
				ENABLE_NS_ASSERTIONS = NO;
				GCC_C_LANGUAGE_STANDARD = gnu99;
				GCC_WARN_64_TO_32_BIT_CONVERSION = YES;
				GCC_WARN_ABOUT_RETURN_TYPE = YES_ERROR;
				GCC_WARN_UNDECLARED_SELECTOR = YES;
				GCC_WARN_UNINITIALIZED_AUTOS = YES;
				GCC_WARN_UNUSED_FUNCTION = YES;
				GCC_WARN_UNUSED_VARIABLE = YES;
				IPHONEOS_DEPLOYMENT_TARGET = 8.0;
				SDKROOT = iphoneos;
				TARGETED_DEVICE_FAMILY = "1,2";
				VALIDATE_PRODUCT = YES;
				VALID_ARCHS = "armv7 arm64";
			};
			name = Release;
		};
		858B843118CA22B800AB12DE /* Debug */ = {
			isa = XCBuildConfiguration;
			baseConfigurationReference = CDD59A261BB43B5D00EC2671 /* build-debug.xcconfig */;
			buildSettings = {
				ARCHS = "$(ARCHS_STANDARD)";
				CLANG_ENABLE_MODULES = NO;
				CLANG_MODULES_AUTOLINK = NO;
				"CODE_SIGN_IDENTITY[sdk=iphoneos*]" = "iPhone Developer";
				DEVELOPMENT_TEAM = QLUG646V84;
				ENABLE_BITCODE = NO;
				GCC_PRECOMPILE_PREFIX_HEADER = YES;
				GCC_PREFIX_HEADER = "v2SurveyorNS/v2SurveyorNS-Prefix.pch";
				GCC_PREPROCESSOR_DEFINITIONS = (
					"$(inherited)",
					"DEBUG=1",
				);
				INFOPLIST_FILE = "$(SRCROOT)/v2SurveyorNS/v2SurveyorNS-Info.plist";
				LD_RUNPATH_SEARCH_PATHS = "$(inherited) @executable_path/Frameworks";
				PRODUCT_NAME = v2SurveyorNS;
				VALID_ARCHS = "armv7 arm64";
				WRAPPER_EXTENSION = app;
				FRAMEWORK_SEARCH_PATHS = (
					"$(inherited)",
					"\"$(SRCROOT)/../../node_modules/tns-core-modules-widgets/platforms/ios\"",
				);
			};
			name = Debug;
		};
		858B843218CA22B800AB12DE /* Release */ = {
			isa = XCBuildConfiguration;
			baseConfigurationReference = CDD59A271BB43B5D00EC2671 /* build-release.xcconfig */;
			buildSettings = {
				ARCHS = "$(ARCHS_STANDARD)";
				CLANG_ENABLE_MODULES = NO;
				CLANG_MODULES_AUTOLINK = NO;
				"CODE_SIGN_IDENTITY[sdk=iphoneos*]" = "iPhone Developer";
				DEVELOPMENT_TEAM = QLUG646V84;
				ENABLE_BITCODE = NO;
				GCC_PRECOMPILE_PREFIX_HEADER = YES;
				GCC_PREFIX_HEADER = "v2SurveyorNS/v2SurveyorNS-Prefix.pch";
				INFOPLIST_FILE = "$(SRCROOT)/v2SurveyorNS/v2SurveyorNS-Info.plist";
				LD_RUNPATH_SEARCH_PATHS = "$(inherited) @executable_path/Frameworks";
				PRODUCT_NAME = v2SurveyorNS;
				VALID_ARCHS = "armv7 arm64";
				WRAPPER_EXTENSION = app;
				FRAMEWORK_SEARCH_PATHS = (
					"$(inherited)",
					"\"$(SRCROOT)/../../node_modules/tns-core-modules-widgets/platforms/ios\"",
				);
			};
			name = Release;
		};
/* End XCBuildConfiguration section */

/* Begin XCConfigurationList section */
		858B832918CA111C00AB12DE /* Build configuration list for PBXProject "v2SurveyorNS" */ = {
			isa = XCConfigurationList;
			buildConfigurations = (
				858B835818CA111C00AB12DE /* Debug */,
				858B835918CA111C00AB12DE /* Release */,
			);
			defaultConfigurationIsVisible = 0;
			defaultConfigurationName = Release;
		};
		858B843018CA22B800AB12DE /* Build configuration list for PBXNativeTarget "v2SurveyorNS" */ = {
			isa = XCConfigurationList;
			buildConfigurations = (
				858B843118CA22B800AB12DE /* Debug */,
				858B843218CA22B800AB12DE /* Release */,
			);
			defaultConfigurationIsVisible = 0;
			defaultConfigurationName = Release;
		};
/* End XCConfigurationList section */
	};
	rootObject = 858B832618CA111C00AB12DE /* Project object */;
}
